
Microsoft Visual Studio Solution File, Format Version 12.00
# Visual Studio Version 16
VisualStudioVersion = 16.0.34601.136
MinimumVisualStudioVersion = 10.0.40219.1
Project("{FAE04EC0-301F-11D3-BF4B-00C04F79EFBC}") = "JavaScriptAssesment1", "JavaScriptAssesment1\JavaScriptAssesment1.csproj", "{CEF8DF24-628A-4438-A41D-6FF99A9BCF06}"
EndProject
Global
	GlobalSection(SolutionConfigurationPlatforms) = preSolution
		Debug|Any CPU = Debug|Any CPU
		Release|Any CPU = Release|Any CPU
	EndGlobalSection
	GlobalSection(ProjectConfigurationPlatforms) = postSolution
		{CEF8DF24-628A-4438-A41D-6FF99A9BCF06}.Debug|Any CPU.ActiveCfg = Debug|Any CPU
		{CEF8DF24-628A-4438-A41D-6FF99A9BCF06}.Debug|Any CPU.Build.0 = Debug|Any CPU
		{CEF8DF24-628A-4438-A41D-6FF99A9BCF06}.Release|Any CPU.ActiveCfg = Release|Any CPU
		{CEF8DF24-628A-4438-A41D-6FF99A9BCF06}.Release|Any CPU.Build.0 = Release|Any CPU
	EndGlobalSection
	GlobalSection(SolutionProperties) = preSolution
		HideSolutionNode = FALSE
	EndGlobalSection
	GlobalSection(ExtensibilityGlobals) = postSolution
		SolutionGuid = {F36F4AFA-7025-49C9-963C-E0D181FEEE7A}
	EndGlobalSection
EndGlobal
