
Microsoft Visual Studio Solution File, Format Version 12.00
# Visual Studio Version 16
VisualStudioVersion = 16.0.34601.136
MinimumVisualStudioVersion = 10.0.40219.1
Project("{FAE04EC0-301F-11D3-BF4B-00C04F79EFBC}") = "MyMiniPrj", "MyMiniPrj\MyMiniPrj.csproj", "{F5846C04-1BB0-4A34-A2F4-07652A23C593}"
EndProject
Global
	GlobalSection(SolutionConfigurationPlatforms) = preSolution
		Debug|Any CPU = Debug|Any CPU
		Release|Any CPU = Release|Any CPU
	EndGlobalSection
	GlobalSection(ProjectConfigurationPlatforms) = postSolution
		{F5846C04-1BB0-4A34-A2F4-07652A23C593}.Debug|Any CPU.ActiveCfg = Debug|Any CPU
		{F5846C04-1BB0-4A34-A2F4-07652A23C593}.Debug|Any CPU.Build.0 = Debug|Any CPU
		{F5846C04-1BB0-4A34-A2F4-07652A23C593}.Release|Any CPU.ActiveCfg = Release|Any CPU
		{F5846C04-1BB0-4A34-A2F4-07652A23C593}.Release|Any CPU.Build.0 = Release|Any CPU
	EndGlobalSection
	GlobalSection(SolutionProperties) = preSolution
		HideSolutionNode = FALSE
	EndGlobalSection
	GlobalSection(ExtensibilityGlobals) = postSolution
		SolutionGuid = {D32FB570-6AA2-45F1-8F59-2E95C4A4A925}
	EndGlobalSection
EndGlobal
