
Microsoft Visual Studio Solution File, Format Version 12.00
# Visual Studio Version 16
VisualStudioVersion = 16.0.34601.136
MinimumVisualStudioVersion = 10.0.40219.1
Project("{FAE04EC0-301F-11D3-BF4B-00C04F79EFBC}") = "MVC_Asses1CodeFirst", "MVC_Asses1CodeFirst\MVC_Asses1CodeFirst.csproj", "{FCF55214-FDF4-4955-BF72-21CC5B93715D}"
EndProject
Global
	GlobalSection(SolutionConfigurationPlatforms) = preSolution
		Debug|Any CPU = Debug|Any CPU
		Release|Any CPU = Release|Any CPU
	EndGlobalSection
	GlobalSection(ProjectConfigurationPlatforms) = postSolution
		{FCF55214-FDF4-4955-BF72-21CC5B93715D}.Debug|Any CPU.ActiveCfg = Debug|Any CPU
		{FCF55214-FDF4-4955-BF72-21CC5B93715D}.Debug|Any CPU.Build.0 = Debug|Any CPU
		{FCF55214-FDF4-4955-BF72-21CC5B93715D}.Release|Any CPU.ActiveCfg = Release|Any CPU
		{FCF55214-FDF4-4955-BF72-21CC5B93715D}.Release|Any CPU.Build.0 = Release|Any CPU
	EndGlobalSection
	GlobalSection(SolutionProperties) = preSolution
		HideSolutionNode = FALSE
	EndGlobalSection
	GlobalSection(ExtensibilityGlobals) = postSolution
		SolutionGuid = {0358ED03-522B-4893-A6F1-07E22FAA4D08}
	EndGlobalSection
EndGlobal
