
Microsoft Visual Studio Solution File, Format Version 12.00
# Visual Studio Version 16
VisualStudioVersion = 16.0.34601.136
MinimumVisualStudioVersion = 10.0.40219.1
Project("{FAE04EC0-301F-11D3-BF4B-00C04F79EFBC}") = "Validations1", "Validations1\Validations1.csproj", "{4CF7923E-7D8B-4C74-B9BB-34029A14D760}"
EndProject
Global
	GlobalSection(SolutionConfigurationPlatforms) = preSolution
		Debug|Any CPU = Debug|Any CPU
		Release|Any CPU = Release|Any CPU
	EndGlobalSection
	GlobalSection(ProjectConfigurationPlatforms) = postSolution
		{4CF7923E-7D8B-4C74-B9BB-34029A14D760}.Debug|Any CPU.ActiveCfg = Debug|Any CPU
		{4CF7923E-7D8B-4C74-B9BB-34029A14D760}.Debug|Any CPU.Build.0 = Debug|Any CPU
		{4CF7923E-7D8B-4C74-B9BB-34029A14D760}.Release|Any CPU.ActiveCfg = Release|Any CPU
		{4CF7923E-7D8B-4C74-B9BB-34029A14D760}.Release|Any CPU.Build.0 = Release|Any CPU
	EndGlobalSection
	GlobalSection(SolutionProperties) = preSolution
		HideSolutionNode = FALSE
	EndGlobalSection
	GlobalSection(ExtensibilityGlobals) = postSolution
		SolutionGuid = {E9CE8911-7A73-4566-9823-9BBAA5A95687}
	EndGlobalSection
EndGlobal
